
Microsoft Visual Studio Solution File, Format Version 12.00
# Visual Studio Version 17
VisualStudioVersion = 17.12.35527.113 d17.12
MinimumVisualStudioVersion = 10.0.40219.1
Project("{FAE04EC0-301F-11D3-BF4B-00C04F79EFBC}") = "Demo.Presentation", "Demo.Presentation\Demo.Presentation.csproj", "{1DFD0EF1-FE9C-40D5-BDDD-0E48ED0B9E5F}"
EndProject
Project("{FAE04EC0-301F-11D3-BF4B-00C04F79EFBC}") = "Demo.BusinessLogic", "Demo.BusinessLogic\Demo.BusinessLogic.csproj", "{041B6BBA-9348-411D-A229-A868C9843A9D}"
EndProject
Project("{FAE04EC0-301F-11D3-BF4B-00C04F79EFBC}") = "Demo.DataAccess", "Demo.DataAccess\Demo.DataAccess.csproj", "{98CE9435-F6CD-466F-8F41-AE77C3FA6335}"
EndProject
Global
	GlobalSection(SolutionConfigurationPlatforms) = preSolution
		Debug|Any CPU = Debug|Any CPU
		Release|Any CPU = Release|Any CPU
	EndGlobalSection
	GlobalSection(ProjectConfigurationPlatforms) = postSolution
		{1DFD0EF1-FE9C-40D5-BDDD-0E48ED0B9E5F}.Debug|Any CPU.ActiveCfg = Debug|Any CPU
		{1DFD0EF1-FE9C-40D5-BDDD-0E48ED0B9E5F}.Debug|Any CPU.Build.0 = Debug|Any CPU
		{1DFD0EF1-FE9C-40D5-BDDD-0E48ED0B9E5F}.Release|Any CPU.ActiveCfg = Release|Any CPU
		{1DFD0EF1-FE9C-40D5-BDDD-0E48ED0B9E5F}.Release|Any CPU.Build.0 = Release|Any CPU
		{041B6BBA-9348-411D-A229-A868C9843A9D}.Debug|Any CPU.ActiveCfg = Debug|Any CPU
		{041B6BBA-9348-411D-A229-A868C9843A9D}.Debug|Any CPU.Build.0 = Debug|Any CPU
		{041B6BBA-9348-411D-A229-A868C9843A9D}.Release|Any CPU.ActiveCfg = Release|Any CPU
		{041B6BBA-9348-411D-A229-A868C9843A9D}.Release|Any CPU.Build.0 = Release|Any CPU
		{98CE9435-F6CD-466F-8F41-AE77C3FA6335}.Debug|Any CPU.ActiveCfg = Debug|Any CPU
		{98CE9435-F6CD-466F-8F41-AE77C3FA6335}.Debug|Any CPU.Build.0 = Debug|Any CPU
		{98CE9435-F6CD-466F-8F41-AE77C3FA6335}.Release|Any CPU.ActiveCfg = Release|Any CPU
		{98CE9435-F6CD-466F-8F41-AE77C3FA6335}.Release|Any CPU.Build.0 = Release|Any CPU
	EndGlobalSection
	GlobalSection(SolutionProperties) = preSolution
		HideSolutionNode = FALSE
	EndGlobalSection
EndGlobal
